
Microsoft Visual Studio Solution File, Format Version 12.00
# Visual Studio Version 17
VisualStudioVersion = 17.14.36127.28 d17.14
MinimumVisualStudioVersion = 10.0.40219.1
Project("{FAE04EC0-301F-11D3-BF4B-00C04F79EFBC}") = "DocuSummarizer", "DocuSummarizer\DocuSummarizer.csproj", "{4B725FBA-B365-4F2F-8E9A-699D2ABD5984}"
EndProject
Global
	GlobalSection(SolutionConfigurationPlatforms) = preSolution
		Debug|Any CPU = Debug|Any CPU
		Release|Any CPU = Release|Any CPU
	EndGlobalSection
	GlobalSection(ProjectConfigurationPlatforms) = postSolution
		{4B725FBA-B365-4F2F-8E9A-699D2ABD5984}.Debug|Any CPU.ActiveCfg = Debug|Any CPU
		{4B725FBA-B365-4F2F-8E9A-699D2ABD5984}.Debug|Any CPU.Build.0 = Debug|Any CPU
		{4B725FBA-B365-4F2F-8E9A-699D2ABD5984}.Release|Any CPU.ActiveCfg = Release|Any CPU
		{4B725FBA-B365-4F2F-8E9A-699D2ABD5984}.Release|Any CPU.Build.0 = Release|Any CPU
	EndGlobalSection
	GlobalSection(SolutionProperties) = preSolution
		HideSolutionNode = FALSE
	EndGlobalSection
	GlobalSection(ExtensibilityGlobals) = postSolution
		SolutionGuid = {AA8848A4-D8A2-4E75-8AF3-8FFF09FA8A6D}
	EndGlobalSection
EndGlobal
